
Microsoft Visual Studio Solution File, Format Version 12.00
# Visual Studio Version 17
VisualStudioVersion = 17.10.35013.160
MinimumVisualStudioVersion = 10.0.40219.1
Project("{FAE04EC0-301F-11D3-BF4B-00C04F79EFBC}") = "HavaDurumu", "HavaDurumu\HavaDurumu.csproj", "{2D5EA899-1CB4-48D6-BDBC-998E40054EC9}"
EndProject
Global
	GlobalSection(SolutionConfigurationPlatforms) = preSolution
		Debug|Any CPU = Debug|Any CPU
		Release|Any CPU = Release|Any CPU
	EndGlobalSection
	GlobalSection(ProjectConfigurationPlatforms) = postSolution
		{2D5EA899-1CB4-48D6-BDBC-998E40054EC9}.Debug|Any CPU.ActiveCfg = Debug|Any CPU
		{2D5EA899-1CB4-48D6-BDBC-998E40054EC9}.Debug|Any CPU.Build.0 = Debug|Any CPU
		{2D5EA899-1CB4-48D6-BDBC-998E40054EC9}.Release|Any CPU.ActiveCfg = Release|Any CPU
		{2D5EA899-1CB4-48D6-BDBC-998E40054EC9}.Release|Any CPU.Build.0 = Release|Any CPU
	EndGlobalSection
	GlobalSection(SolutionProperties) = preSolution
		HideSolutionNode = FALSE
	EndGlobalSection
	GlobalSection(ExtensibilityGlobals) = postSolution
		SolutionGuid = {C8988938-C6E6-40ED-8D15-BC395B2FDD24}
	EndGlobalSection
EndGlobal
